{
  "name": "client",
  "version": "1.0.0",
  "lockfileVersion": 1,
  "requires": true,
  "dependencies": {
    "@types/bigi": {
      "version": "1.4.1",
      "resolved": "https://registry.npmjs.org/@types/bigi/-/bigi-1.4.1.tgz",
      "integrity": "sha512-TfC88qNLyU9n8ZStziF3UdOrxxwVDDhn/W5E7jv9W7G10rai8Tbv9ia4KK00ZvdIfSKf3RsK5lbugoBAS9yFAQ=="
    },
    "@types/bitcoinjs-lib": {
      "version": "3.4.0",
      "resolved": "https://registry.npmjs.org/@types/bitcoinjs-lib/-/bitcoinjs-lib-3.4.0.tgz",
      "integrity": "sha512-Srj1mDoNWVrQZ+Vle41gVZhdQ3Y7GUkccdWnV6gIRLl8ghq/eOeZYkVHzoI3rDub+AmCtiVDM8z3IyqT7pZC4w==",
      "requires": {
        "@types/bigi": "1.4.1",
        "@types/node": "10.1.2"
      }
    },
    "@types/node": {
      "version": "10.1.2",
      "resolved": "https://registry.npmjs.org/@types/node/-/node-10.1.2.tgz",
      "integrity": "sha512-bjk1RIeZBCe/WukrFToIVegOf91Pebr8cXYBwLBIsfiGWVQ+ifwWsT59H3RxrWzWrzd1l/Amk1/ioY5Fq3/bpA=="
    },
    "axios": {
      "version": "0.17.1",
      "resolved": "https://registry.npmjs.org/axios/-/axios-0.17.1.tgz",
      "integrity": "sha1-LY4+XQvb1zJ/kbyBT1xXZg+Bgk0=",
      "requires": {
        "follow-redirects": "1.5.0",
        "is-buffer": "1.1.6"
      }
    },
    "base-x": {
      "version": "3.0.4",
      "resolved": "https://registry.npmjs.org/base-x/-/base-x-3.0.4.tgz",
      "integrity": "sha512-UYOadoSIkEI/VrRGSG6qp93rp2WdokiAiNYDfGW5qURAY8GiAQkvMbwNNSDYiVJopqv4gCna7xqf4rrNGp+5AA==",
      "requires": {
        "safe-buffer": "5.1.2"
      }
    },
    "base64-js": {
      "version": "1.3.0",
      "resolved": "https://registry.npmjs.org/base64-js/-/base64-js-1.3.0.tgz",
      "integrity": "sha512-ccav/yGvoa80BQDljCxsmmQ3Xvx60/UpBIij5QN21W3wBi/hhIC9OoO+KLpu9IJTS9j4DRVJ3aDDF9cMSoa2lw=="
    },
    "bech32": {
      "version": "1.1.3",
      "resolved": "https://registry.npmjs.org/bech32/-/bech32-1.1.3.tgz",
      "integrity": "sha512-yuVFUvrNcoJi0sv5phmqc6P+Fl1HjRDRNOOkHY2X/3LBy2bIGNSFx4fZ95HMaXHupuS7cZR15AsvtmCIF4UEyg=="
    },
    "bigi": {
      "version": "1.4.2",
      "resolved": "https://registry.npmjs.org/bigi/-/bigi-1.4.2.tgz",
      "integrity": "sha1-nGZalfiLiwj8Bc/XMfVhhZ1yWCU="
    },
    "bignumber.js": {
      "version": "4.1.0",
      "resolved": "https://registry.npmjs.org/bignumber.js/-/bignumber.js-4.1.0.tgz",
      "integrity": "sha512-eJzYkFYy9L4JzXsbymsFn3p54D+llV27oTQ+ziJG7WFRheJcNZilgVXMG0LoZtlQSKBsJdWtLFqOD0u+U0jZKA=="
    },
    "bip39": {
      "version": "2.5.0",
      "resolved": "https://registry.npmjs.org/bip39/-/bip39-2.5.0.tgz",
      "integrity": "sha512-xwIx/8JKoT2+IPJpFEfXoWdYwP7UVAoUxxLNfGCfVowaJE7yg1Y5B1BVPqlUNsBq5/nGwmFkwRJ8xDW4sX8OdA==",
      "requires": {
        "create-hash": "1.2.0",
        "pbkdf2": "3.0.16",
        "randombytes": "2.0.6",
        "safe-buffer": "5.1.2",
        "unorm": "1.4.1"
      }
    },
    "bip66": {
      "version": "1.1.5",
      "resolved": "https://registry.npmjs.org/bip66/-/bip66-1.1.5.tgz",
      "integrity": "sha1-AfqHSHhcpwlV1QESF9GzE5lpyiI=",
      "requires": {
        "safe-buffer": "5.1.2"
      }
    },
    "bitcoin-ops": {
      "version": "1.4.1",
      "resolved": "https://registry.npmjs.org/bitcoin-ops/-/bitcoin-ops-1.4.1.tgz",
      "integrity": "sha512-pef6gxZFztEhaE9RY9HmWVmiIHqCb2OyS4HPKkpc6CIiiOa3Qmuoylxc5P2EkU3w+5eTSifI9SEZC88idAIGow=="
    },
    "bitcoinjs-lib": {
      "version": "3.3.2",
      "resolved": "https://registry.npmjs.org/bitcoinjs-lib/-/bitcoinjs-lib-3.3.2.tgz",
      "integrity": "sha512-l5qqvbaK8wwtANPf6oEffykycg4383XgEYdia1rI7/JpGf1jfRWlOUCvx5TiTZS7kyIvY4j/UhIQ2urLsvGkzw==",
      "requires": {
        "bech32": "1.1.3",
        "bigi": "1.4.2",
        "bip66": "1.1.5",
        "bitcoin-ops": "1.4.1",
        "bs58check": "2.1.1",
        "create-hash": "1.2.0",
        "create-hmac": "1.1.7",
        "ecurve": "1.0.6",
        "merkle-lib": "2.0.10",
        "pushdata-bitcoin": "1.0.1",
        "randombytes": "2.0.6",
        "safe-buffer": "5.1.2",
        "typeforce": "1.12.0",
        "varuint-bitcoin": "1.1.0",
        "wif": "2.0.6"
      }
    },
    "bs58": {
      "version": "4.0.1",
      "resolved": "https://registry.npmjs.org/bs58/-/bs58-4.0.1.tgz",
      "integrity": "sha1-vhYedsNU9veIrkBx9j806MTwpCo=",
      "requires": {
        "base-x": "3.0.4"
      }
    },
    "bs58check": {
      "version": "2.1.1",
      "resolved": "https://registry.npmjs.org/bs58check/-/bs58check-2.1.1.tgz",
      "integrity": "sha512-okRQiWc5FJuA2VOwQ1hB7Sf0MyEFg/EwRN12h4b8HrJoGkZ3xq1CGjkaAfYloLcZyqixQnO5mhPpN6IcHSplVg==",
      "requires": {
        "bs58": "4.0.1",
        "create-hash": "1.2.0"
      }
    },
    "buffer": {
      "version": "5.1.0",
      "resolved": "https://registry.npmjs.org/buffer/-/buffer-5.1.0.tgz",
      "integrity": "sha512-YkIRgwsZwJWTnyQrsBTWefizHh+8GYj3kbL1BTiAQ/9pwpino0G7B2gp5tx/FUBqUlvtxV85KNR3mwfAtv15Yw==",
      "requires": {
        "base64-js": "1.3.0",
        "ieee754": "1.1.11"
      }
    },
    "cipher-base": {
      "version": "1.0.4",
      "resolved": "https://registry.npmjs.org/cipher-base/-/cipher-base-1.0.4.tgz",
      "integrity": "sha512-Kkht5ye6ZGmwv40uUDZztayT2ThLQGfnj/T71N/XzeZeo3nf8foyW7zGTsPYkEya3m5f3cAypH+qe7YOrM1U2Q==",
      "requires": {
        "inherits": "2.0.3",
        "safe-buffer": "5.1.2"
      }
    },
    "coinselect": {
      "version": "3.1.11",
      "resolved": "https://registry.npmjs.org/coinselect/-/coinselect-3.1.11.tgz",
      "integrity": "sha1-4fBjvRpYgvZzXuBRm52LWsSpMJk="
    },
    "create-hash": {
      "version": "1.2.0",
      "resolved": "https://registry.npmjs.org/create-hash/-/create-hash-1.2.0.tgz",
      "integrity": "sha512-z00bCGNHDG8mHAkP7CtT1qVu+bFQUPjYq/4Iv3C3kWjTFV10zIjfSoeqXo9Asws8gwSHDGj/hl2u4OGIjapeCg==",
      "requires": {
        "cipher-base": "1.0.4",
        "inherits": "2.0.3",
        "md5.js": "1.3.4",
        "ripemd160": "2.0.2",
        "sha.js": "2.4.11"
      }
    },
    "create-hmac": {
      "version": "1.1.7",
      "resolved": "https://registry.npmjs.org/create-hmac/-/create-hmac-1.1.7.tgz",
      "integrity": "sha512-MJG9liiZ+ogc4TzUwuvbER1JRdgvUFSB5+VR/g5h82fGaIRWMWddtKBHi7/sVhfjQZ6SehlyhvQYrcYkaUIpLg==",
      "requires": {
        "cipher-base": "1.0.4",
        "create-hash": "1.2.0",
        "inherits": "2.0.3",
        "ripemd160": "2.0.2",
        "safe-buffer": "5.1.2",
        "sha.js": "2.4.11"
      }
    },
    "debug": {
      "version": "3.1.0",
      "resolved": "https://registry.npmjs.org/debug/-/debug-3.1.0.tgz",
      "integrity": "sha512-OX8XqP7/1a9cqkxYw2yXss15f26NKWBpDXQd0/uK/KPqdQhxbPa994hnzjcE2VqQpDslf55723cKPUOGSmMY3g==",
      "requires": {
        "ms": "2.0.0"
      }
    },
    "dotenv": {
      "version": "5.0.1",
      "resolved": "https://registry.npmjs.org/dotenv/-/dotenv-5.0.1.tgz",
      "integrity": "sha512-4As8uPrjfwb7VXC+WnLCbXK7y+Ueb2B3zgNCePYfhxS1PYeaO1YTeplffTEcbfLhvFNGLAz90VvJs9yomG7bow=="
    },
    "ecurve": {
      "version": "1.0.6",
      "resolved": "https://registry.npmjs.org/ecurve/-/ecurve-1.0.6.tgz",
      "integrity": "sha512-/BzEjNfiSuB7jIWKcS/z8FK9jNjmEWvUV2YZ4RLSmcDtP7Lq0m6FvDuSnJpBlDpGRpfRQeTLGLBI8H+kEv0r+w==",
      "requires": {
        "bigi": "1.4.2",
        "safe-buffer": "5.1.2"
      }
    },
    "follow-redirects": {
      "version": "1.5.0",
      "resolved": "https://registry.npmjs.org/follow-redirects/-/follow-redirects-1.5.0.tgz",
      "integrity": "sha512-fdrt472/9qQ6Kgjvb935ig6vJCuofpBUD14f9Vb+SLlm7xIe4Qva5gey8EKtv8lp7ahE1wilg3xL1znpVGtZIA==",
      "requires": {
        "debug": "3.1.0"
      }
    },
    "hash-base": {
      "version": "3.0.4",
      "resolved": "https://registry.npmjs.org/hash-base/-/hash-base-3.0.4.tgz",
      "integrity": "sha1-X8hoaEfs1zSZQDMZprCj8/auSRg=",
      "requires": {
        "inherits": "2.0.3",
        "safe-buffer": "5.1.2"
      }
    },
    "ieee754": {
      "version": "1.1.11",
      "resolved": "https://registry.npmjs.org/ieee754/-/ieee754-1.1.11.tgz",
      "integrity": "sha512-VhDzCKN7K8ufStx/CLj5/PDTMgph+qwN5Pkd5i0sGnVwk56zJ0lkT8Qzi1xqWLS0Wp29DgDtNeS7v8/wMoZeHg=="
    },
    "inherits": {
      "version": "2.0.3",
      "resolved": "https://registry.npmjs.org/inherits/-/inherits-2.0.3.tgz",
      "integrity": "sha1-Yzwsg+PaQqUC9SRmAiSA9CCCYd4="
    },
    "is-buffer": {
      "version": "1.1.6",
      "resolved": "https://registry.npmjs.org/is-buffer/-/is-buffer-1.1.6.tgz",
      "integrity": "sha512-NcdALwpXkTm5Zvvbk7owOUSvVvBKDgKP5/ewfXEznmQFfs4ZRmanOeKBTjRVjka3QFoN6XJ+9F3USqfHqTaU5w=="
    },
    "md5.js": {
      "version": "1.3.4",
      "resolved": "https://registry.npmjs.org/md5.js/-/md5.js-1.3.4.tgz",
      "integrity": "sha1-6b296UogpawYsENA/Fdk1bCdkB0=",
      "requires": {
        "hash-base": "3.0.4",
        "inherits": "2.0.3"
      }
    },
    "merkle-lib": {
      "version": "2.0.10",
      "resolved": "https://registry.npmjs.org/merkle-lib/-/merkle-lib-2.0.10.tgz",
      "integrity": "sha1-grjbrnXieneFOItz+ddyXQ9vMyY="
    },
    "ms": {
      "version": "2.0.0",
      "resolved": "https://registry.npmjs.org/ms/-/ms-2.0.0.tgz",
      "integrity": "sha1-VgiurfwAvmwpAd9fmGF4jeDVl8g="
    },
    "pbkdf2": {
      "version": "3.0.16",
      "resolved": "https://registry.npmjs.org/pbkdf2/-/pbkdf2-3.0.16.tgz",
      "integrity": "sha512-y4CXP3thSxqf7c0qmOF+9UeOTrifiVTIM+u7NWlq+PRsHbr7r7dpCmvzrZxa96JJUNi0Y5w9VqG5ZNeCVMoDcA==",
      "requires": {
        "create-hash": "1.2.0",
        "create-hmac": "1.1.7",
        "ripemd160": "2.0.2",
        "safe-buffer": "5.1.2",
        "sha.js": "2.4.11"
      }
    },
    "pushdata-bitcoin": {
      "version": "1.0.1",
      "resolved": "https://registry.npmjs.org/pushdata-bitcoin/-/pushdata-bitcoin-1.0.1.tgz",
      "integrity": "sha1-FZMdPNlnreUiBvUjqnMxrvfUOvc=",
      "requires": {
        "bitcoin-ops": "1.4.1"
      }
    },
    "qtum-opcodes": {
      "version": "1.0.0",
      "resolved": "https://registry.npmjs.org/qtum-opcodes/-/qtum-opcodes-1.0.0.tgz",
      "integrity": "sha512-m3FreWxFK53dz2RpvFfJlb4HaCog0QSNVCbyVwhX/0xkZpjxTjJXpFKaWQV/Im0q5y2UlvhAlpITsihihyJSug=="
    },
    "qtumjs-lib": {
      "version": "0.0.6",
      "resolved": "https://registry.npmjs.org/qtumjs-lib/-/qtumjs-lib-0.0.6.tgz",
      "integrity": "sha512-RN6D0rCfQ3fbWTEkixPmYlEYWHFu2uknDe0wMw2GK2h3c1ZxDwHPr8Eozg6Jn898t+xNDpzIiFE1fSKjrYo4Yw==",
      "requires": {
        "bignumber.js": "4.1.0",
        "bitcoinjs-lib": "3.3.2",
        "qtum-opcodes": "1.0.0",
        "safe-buffer": "5.1.2"
      }
    },
    "qtumjs-wallet": {
      "version": "0.0.6",
      "resolved": "https://registry.npmjs.org/qtumjs-wallet/-/qtumjs-wallet-0.0.6.tgz",
      "integrity": "sha512-nICPcnV88YdEr+r8wlro4p/KGAnTOQTciFNKNnDxDGh7rPHH5rHFn4It1np2KBD5GTy/gDvsdDP10dbByPZU9A==",
      "requires": {
        "axios": "0.17.1",
        "bignumber.js": "4.1.0",
        "bip39": "2.5.0",
        "buffer": "5.1.0",
        "coinselect": "3.1.11",
        "qtumjs-lib": "0.0.6",
        "safe-buffer": "5.1.2",
        "varuint-bitcoin": "1.1.0"
      }
    },
    "randombytes": {
      "version": "2.0.6",
      "resolved": "https://registry.npmjs.org/randombytes/-/randombytes-2.0.6.tgz",
      "integrity": "sha512-CIQ5OFxf4Jou6uOKe9t1AOgqpeU5fd70A8NPdHSGeYXqXsPe6peOwI0cUl88RWZ6sP1vPMV3avd/R6cZ5/sP1A==",
      "requires": {
        "safe-buffer": "5.1.2"
      }
    },
    "ripemd160": {
      "version": "2.0.2",
      "resolved": "https://registry.npmjs.org/ripemd160/-/ripemd160-2.0.2.tgz",
      "integrity": "sha512-ii4iagi25WusVoiC4B4lq7pbXfAp3D9v5CwfkY33vffw2+pkDjY1D8GaN7spsxvCSx8dkPqOZCEZyfxcmJG2IA==",
      "requires": {
        "hash-base": "3.0.4",
        "inherits": "2.0.3"
      }
    },
    "safe-buffer": {
      "version": "5.1.2",
      "resolved": "https://registry.npmjs.org/safe-buffer/-/safe-buffer-5.1.2.tgz",
      "integrity": "sha512-Gd2UZBJDkXlY7GbJxfsE8/nvKkUEU1G38c1siN6QP6a9PT9MmHB8GnpscSmMJSoF8LOIrt8ud/wPtojys4G6+g=="
    },
    "sha.js": {
      "version": "2.4.11",
      "resolved": "https://registry.npmjs.org/sha.js/-/sha.js-2.4.11.tgz",
      "integrity": "sha512-QMEp5B7cftE7APOjk5Y6xgrbWu+WkLVQwk8JNjZ8nKRciZaByEW6MubieAiToS7+dwvrjGhH8jRXz3MVd0AYqQ==",
      "requires": {
        "inherits": "2.0.3",
        "safe-buffer": "5.1.2"
      }
    },
    "typeforce": {
      "version": "1.12.0",
      "resolved": "https://registry.npmjs.org/typeforce/-/typeforce-1.12.0.tgz",
      "integrity": "sha512-fvnkvueAOFLhtAqDgIA/wMP21SMwS/NQESFKZuwVrj5m/Ew6eK2S0z0iB++cwtROPWDOhaT6OUfla8UwMw4Adg=="
    },
    "unorm": {
      "version": "1.4.1",
      "resolved": "https://registry.npmjs.org/unorm/-/unorm-1.4.1.tgz",
      "integrity": "sha1-NkIA1fE2RsqLzURJAnEzVhR5IwA="
    },
    "varuint-bitcoin": {
      "version": "1.1.0",
      "resolved": "https://registry.npmjs.org/varuint-bitcoin/-/varuint-bitcoin-1.1.0.tgz",
      "integrity": "sha512-jCEPG+COU/1Rp84neKTyDJQr478/hAfVp5xxYn09QEH0yBjbmPeMfuuQIrp+BUD83hybtYZKhr5elV3bvdV1bA==",
      "requires": {
        "safe-buffer": "5.1.2"
      }
    },
    "wif": {
      "version": "2.0.6",
      "resolved": "https://registry.npmjs.org/wif/-/wif-2.0.6.tgz",
      "integrity": "sha1-CNP1IFbGZnkplyb63g1DKudLRwQ=",
      "requires": {
        "bs58check": "2.1.1"
      }
    }
  }
}
